
Microsoft Visual Studio Solution File, Format Version 12.00
# Visual Studio 15
VisualStudioVersion = 15.0.28307.329
MinimumVisualStudioVersion = 10.0.40219.1
Project("{FAE04EC0-301F-11D3-BF4B-00C04F79EFBC}") = "RestaurantReviewsAPI", "RestaurantReviewsAPI\RestaurantReviewsAPI.csproj", "{5FFCF034-B7FF-49A7-87F1-059221BAC8DC}"
EndProject
Project("{FAE04EC0-301F-11D3-BF4B-00C04F79EFBC}") = "RestaurantReviewsAPI.Tests", "RestaurantReviewsAPI.Tests\RestaurantReviewsAPI.Tests.csproj", "{28A507F9-2FD7-41B3-B4E2-A67DB06692DA}"
EndProject
Global
	GlobalSection(SolutionConfigurationPlatforms) = preSolution
		Debug|Any CPU = Debug|Any CPU
		Release|Any CPU = Release|Any CPU
	EndGlobalSection
	GlobalSection(ProjectConfigurationPlatforms) = postSolution
		{5FFCF034-B7FF-49A7-87F1-059221BAC8DC}.Debug|Any CPU.ActiveCfg = Debug|Any CPU
		{5FFCF034-B7FF-49A7-87F1-059221BAC8DC}.Debug|Any CPU.Build.0 = Debug|Any CPU
		{5FFCF034-B7FF-49A7-87F1-059221BAC8DC}.Release|Any CPU.ActiveCfg = Release|Any CPU
		{5FFCF034-B7FF-49A7-87F1-059221BAC8DC}.Release|Any CPU.Build.0 = Release|Any CPU
		{28A507F9-2FD7-41B3-B4E2-A67DB06692DA}.Debug|Any CPU.ActiveCfg = Debug|Any CPU
		{28A507F9-2FD7-41B3-B4E2-A67DB06692DA}.Debug|Any CPU.Build.0 = Debug|Any CPU
		{28A507F9-2FD7-41B3-B4E2-A67DB06692DA}.Release|Any CPU.ActiveCfg = Release|Any CPU
		{28A507F9-2FD7-41B3-B4E2-A67DB06692DA}.Release|Any CPU.Build.0 = Release|Any CPU
	EndGlobalSection
	GlobalSection(SolutionProperties) = preSolution
		HideSolutionNode = FALSE
	EndGlobalSection
	GlobalSection(ExtensibilityGlobals) = postSolution
		SolutionGuid = {7D8BA16E-B289-47BF-A7D4-90AFF3AEE2C1}
	EndGlobalSection
EndGlobal
